{
  "lockfileVersion": 1,
  "configVersion": 1,
  "workspaces": {
    "": {
      "name": "ordum-dashboard",
      "dependencies": {
        "@croct/cache": "^0.5.1",
        "@nanostores/persistent": "^1.3.3",
        "@nanostores/preact": "^1.0.0",
        "@nanostores/router": "^1.0.0",
        "nanostores": "github:Fryuni/nanostores#async-compute",
        "ohash": "^2.0.11",
        "preact": "^10.29.0",
        "zod": "^4.3.6",
      },
      "devDependencies": {
        "@types/bun": "^1.3.10",
        "playwright": "^1.58.2",
        "prettier": "^3.8.1",
        "typescript": "^5.9.3",
      },
    },
  },
  "overrides": {
    "nanostores": "github:Fryuni/nanostores#async-compute",
  },
  "packages": {
    "@croct/cache": ["@croct/cache@0.5.1", "", { "dependencies": { "@croct/json": "^2.0.0", "@croct/logging": "^0.2.2", "@croct/time": "^0.10.0", "node-object-hash": "^3.0.0" } }, "sha512-0hs8DuTUrWMDA6G5UPFEyUpA12tOhUA3Za/lkuvy5J+/XVwuBUuHHLerPzw8zjA7ExXPLxHStrsgT8v9nPUGuQ=="],

    "@croct/json": ["@croct/json@2.1.0", "", {}, "sha512-UrWfjNQVlBxN+OVcFwHmkjARMW55MBN04E9KfGac8ac8z1QnFVuiOOFtMWXCk3UwsyRqhsNaFoYLZC+xxqsVjQ=="],

    "@croct/logging": ["@croct/logging@0.2.3", "", { "dependencies": { "@croct/json": "^2.0.1" } }, "sha512-7FMUCVIaBe1mTgJiHBTAN64dsiUjauADdorQvolSlZGrVe5W7N8/Lrp+qVYBIJ9nvvQdP7M/vVzYcicuCJq9Jw=="],

    "@croct/time": ["@croct/time@0.10.3", "", {}, "sha512-YJWJ1BzuNh3NArMxo64ea/T6XVSNZqlM7VjKUzMsU6IO9L7nlbpsfsZCv7I/nsEj5XKZZLrpFUgQPWZqz0kixA=="],

    "@nanostores/persistent": ["@nanostores/persistent@1.3.3", "", { "peerDependencies": { "nanostores": "^0.9.0 || ^0.10.0 || ^0.11.0 || ^1.0.0" } }, "sha512-+b4I8xrmjhKE3hQ9V7/b4Xa+MBMkM2P4Ulv33zFEF/+2Hucsb24vTjYiWR8R97y8YdRptmRKlL5Qwy0q1Jj5nQ=="],

    "@nanostores/preact": ["@nanostores/preact@1.0.0", "", { "peerDependencies": { "nanostores": "^0.9.0 || ^0.10.0 || ^0.11.0 || ^1.0.0", "preact": ">=10.0.0" } }, "sha512-woHYvSwau1YtO9AEnGsh/jRPU2u5DTfNSrDHtKMZOeDUWV6EJfvyv7dJ7AaMps2I9uJcY6OlqXKkA9qTctEjyw=="],

    "@nanostores/router": ["@nanostores/router@1.0.0", "", { "peerDependencies": { "nanostores": "^0.9.0 || ^0.10.0 || ^0.11.0 || ^1.0.0" } }, "sha512-U1pT7u18Yk9yrir/im2sEo8bZcWWWMnOGFoqS2JOkN1vuAntUWNIeUC+8/Q6qPjgatIHGl9IEWB0U7+WdkjzMQ=="],

    "@types/bun": ["@types/bun@1.3.10", "", { "dependencies": { "bun-types": "1.3.10" } }, "sha512-0+rlrUrOrTSskibryHbvQkDOWRJwJZqZlxrUs1u4oOoTln8+WIXBPmAuCF35SWB2z4Zl3E84Nl/D0P7803nigQ=="],

    "@types/node": ["@types/node@25.5.0", "", { "dependencies": { "undici-types": "~7.18.0" } }, "sha512-jp2P3tQMSxWugkCUKLRPVUpGaL5MVFwF8RDuSRztfwgN1wmqJeMSbKlnEtQqU8UrhTmzEmZdu2I6v2dpp7XIxw=="],

    "bun-types": ["bun-types@1.3.10", "", { "dependencies": { "@types/node": "*" } }, "sha512-tcpfCCl6XWo6nCVnpcVrxQ+9AYN1iqMIzgrSKYMB/fjLtV2eyAVEg7AxQJuCq/26R6HpKWykQXuSOq/21RYcbg=="],

    "fsevents": ["fsevents@2.3.2", "", { "os": "darwin" }, "sha512-xiqMQR4xAeHTuB9uWm+fFRcIOgKBMiOBP+eXiyT7jsgVCq1bkVygt00oASowB7EdtpOHaaPgKt812P9ab+DDKA=="],

    "nanostores": ["nanostores@github:Fryuni/nanostores#bd99309", {}, "Fryuni-nanostores-bd99309", "sha512-x6b9+94tb/hUy29d4+VG0I7eTpgX9ND6D+EYgygV7ew4b9r+EIbstIoLmQvKAORHH7HOsz+TyPn0csSjKWR0Aw=="],

    "node-object-hash": ["node-object-hash@3.1.1", "", {}, "sha512-A32kRGjXtwQ+uSa3GrXiCl8HVFY0Jy6IiKFO7UjagAKSaOOrruxB2Qf/w7TP5QtNfB3uOiHTu3cjhp8k/C0PCg=="],

    "ohash": ["ohash@2.0.11", "", {}, "sha512-RdR9FQrFwNBNXAr4GixM8YaRZRJ5PUWbKYbE5eOsrwAjJW0q2REGcf79oYPsLyskQCZG1PLN+S/K1V00joZAoQ=="],

    "playwright": ["playwright@1.58.2", "", { "dependencies": { "playwright-core": "1.58.2" }, "optionalDependencies": { "fsevents": "2.3.2" }, "bin": { "playwright": "cli.js" } }, "sha512-vA30H8Nvkq/cPBnNw4Q8TWz1EJyqgpuinBcHET0YVJVFldr8JDNiU9LaWAE1KqSkRYazuaBhTpB5ZzShOezQ6A=="],

    "playwright-core": ["playwright-core@1.58.2", "", { "bin": { "playwright-core": "cli.js" } }, "sha512-yZkEtftgwS8CsfYo7nm0KE8jsvm6i/PTgVtB8DL726wNf6H2IMsDuxCpJj59KDaxCtSnrWan2AeDqM7JBaultg=="],

    "preact": ["preact@10.29.0", "", {}, "sha512-wSAGyk2bYR1c7t3SZ3jHcM6xy0lcBcDel6lODcs9ME6Th++Dx2KU+6D3HD8wMMKGA8Wpw7OMd3/4RGzYRpzwRg=="],

    "prettier": ["prettier@3.8.1", "", { "bin": { "prettier": "bin/prettier.cjs" } }, "sha512-UOnG6LftzbdaHZcKoPFtOcCKztrQ57WkHDeRD9t/PTQtmT0NHSeWWepj6pS0z/N7+08BHFDQVUrfmfMRcZwbMg=="],

    "typescript": ["typescript@5.9.3", "", { "bin": { "tsc": "bin/tsc", "tsserver": "bin/tsserver" } }, "sha512-jl1vZzPDinLr9eUt3J/t7V6FgNEw9QjvBPdysz9KfQDD41fQrC2Y4vKQdiaUpFT4bXlb1RHhLpp8wtm6M5TgSw=="],

    "undici-types": ["undici-types@7.18.2", "", {}, "sha512-AsuCzffGHJybSaRrmr5eHr81mwJU3kjw6M+uprWvCXiNeN9SOGwQ3Jn8jb8m3Z6izVgknn1R0FTCEAP2QrLY/w=="],

    "zod": ["zod@4.3.6", "", {}, "sha512-rftlrkhHZOcjDwkGlnUtZZkvaPHCsDATp4pGpuOOMDaTdDDXF91wuVDJoWoPsKX/3YPQ5fHuF3STjcYyKr+Qhg=="],
  }
}
